// !$*UTF8*$!
{
	archiveVersion = 1;
	classes = {
	};
	objectVersion = 55;
	objects = {

/* Begin PBXBuildFile section */
		02EBDE4227E79FF6007C7FF1 /* AppDelegate.m in Sources */ = {isa = PBXBuildFile; fileRef = 02EBDE4127E79FF6007C7FF1 /* AppDelegate.m */; };
		02EBDE4527E79FF6007C7FF1 /* SceneDelegate.m in Sources */ = {isa = PBXBuildFile; fileRef = 02EBDE4427E79FF6007C7FF1 /* SceneDelegate.m */; };
		02EBDE4827E79FF6007C7FF1 /* ViewController.m in Sources */ = {isa = PBXBuildFile; fileRef = 02EBDE4727E79FF6007C7FF1 /* ViewController.m */; };
		02EBDE4B27E79FF6007C7FF1 /* Main.storyboard in Resources */ = {isa = PBXBuildFile; fileRef = 02EBDE4927E79FF6007C7FF1 /* Main.storyboard */; };
		02EBDE4D27E79FF8007C7FF1 /* Assets.xcassets in Resources */ = {isa = PBXBuildFile; fileRef = 02EBDE4C27E79FF8007C7FF1 /* Assets.xcassets */; };
		02EBDE5027E79FF8007C7FF1 /* LaunchScreen.storyboard in Resources */ = {isa = PBXBuildFile; fileRef = 02EBDE4E27E79FF8007C7FF1 /* LaunchScreen.storyboard */; };
		02EBDE5327E79FF8007C7FF1 /* main.m in Sources */ = {isa = PBXBuildFile; fileRef = 02EBDE5227E79FF8007C7FF1 /* main.m */; };
		02EBDE6927E7D9C3007C7FF1 /* SecondViewController.m in Sources */ = {isa = PBXBuildFile; fileRef = 02EBDE6827E7D9C3007C7FF1 /* SecondViewController.m */; };
/* End PBXBuildFile section */

/* Begin PBXFileReference section */
		02EBDE3D27E79FF6007C7FF1 /* MusicAlbum-OBJ-C-OB2.app */ = {isa = PBXFileReference; explicitFileType = wrapper.application; includeInIndex = 0; path = "MusicAlbum-OBJ-C-OB2.app"; sourceTree = BUILT_PRODUCTS_DIR; };
		02EBDE4027E79FF6007C7FF1 /* AppDelegate.h */ = {isa = PBXFileReference; lastKnownFileType = sourcecode.c.h; path = AppDelegate.h; sourceTree = "<group>"; };
		02EBDE4127E79FF6007C7FF1 /* AppDelegate.m */ = {isa = PBXFileReference; lastKnownFileType = sourcecode.c.objc; path = AppDelegate.m; sourceTree = "<group>"; };
		02EBDE4327E79FF6007C7FF1 /* SceneDelegate.h */ = {isa = PBXFileReference; lastKnownFileType = sourcecode.c.h; path = SceneDelegate.h; sourceTree = "<group>"; };
		02EBDE4427E79FF6007C7FF1 /* SceneDelegate.m */ = {isa = PBXFileReference; lastKnownFileType = sourcecode.c.objc; path = SceneDelegate.m; sourceTree = "<group>"; };
		02EBDE4627E79FF6007C7FF1 /* ViewController.h */ = {isa = PBXFileReference; lastKnownFileType = sourcecode.c.h; path = ViewController.h; sourceTree = "<group>"; };
		02EBDE4727E79FF6007C7FF1 /* ViewController.m */ = {isa = PBXFileReference; lastKnownFileType = sourcecode.c.objc; path = ViewController.m; sourceTree = "<group>"; };
		02EBDE4A27E79FF6007C7FF1 /* Base */ = {isa = PBXFileReference; lastKnownFileType = file.storyboard; name = Base; path = Base.lproj/Main.storyboard; sourceTree = "<group>"; };
		02EBDE4C27E79FF8007C7FF1 /* Assets.xcassets */ = {isa = PBXFileReference; lastKnownFileType = folder.assetcatalog; path = Assets.xcassets; sourceTree = "<group>"; };
		02EBDE4F27E79FF8007C7FF1 /* Base */ = {isa = PBXFileReference; lastKnownFileType = file.storyboard; name = Base; path = Base.lproj/LaunchScreen.storyboard; sourceTree = "<group>"; };
		02EBDE5127E79FF8007C7FF1 /* Info.plist */ = {isa = PBXFileReference; lastKnownFileType = text.plist.xml; path = Info.plist; sourceTree = "<group>"; };
		02EBDE5227E79FF8007C7FF1 /* main.m */ = {isa = PBXFileReference; lastKnownFileType = sourcecode.c.objc; path = main.m; sourceTree = "<group>"; };
		02EBDE6727E7D9C3007C7FF1 /* SecondViewController.h */ = {isa = PBXFileReference; lastKnownFileType = sourcecode.c.h; path = SecondViewController.h; sourceTree = "<group>"; };
		02EBDE6827E7D9C3007C7FF1 /* SecondViewController.m */ = {isa = PBXFileReference; lastKnownFileType = sourcecode.c.objc; path = SecondViewController.m; sourceTree = "<group>"; };
/* End PBXFileReference section */

/* Begin PBXFrameworksBuildPhase section */
		02EBDE3A27E79FF6007C7FF1 /* Frameworks */ = {
			isa = PBXFrameworksBuildPhase;
			buildActionMask = 2147483647;
			files = (
			);
			runOnlyForDeploymentPostprocessing = 0;
		};
/* End PBXFrameworksBuildPhase section */

/* Begin PBXGroup section */
		02EBDE3427E79FF6007C7FF1 = {
			isa = PBXGroup;
			children = (
				02EBDE3F27E79FF6007C7FF1 /* MusicAlbum-OBJ-C-OB2 */,
				02EBDE3E27E79FF6007C7FF1 /* Products */,
			);
			sourceTree = "<group>";
		};
		02EBDE3E27E79FF6007C7FF1 /* Products */ = {
			isa = PBXGroup;
			children = (
				02EBDE3D27E79FF6007C7FF1 /* MusicAlbum-OBJ-C-OB2.app */,
			);
			name = Products;
			sourceTree = "<group>";
		};
		02EBDE3F27E79FF6007C7FF1 /* MusicAlbum-OBJ-C-OB2 */ = {
			isa = PBXGroup;
			children = (
				02EBDE4027E79FF6007C7FF1 /* AppDelegate.h */,
				02EBDE4127E79FF6007C7FF1 /* AppDelegate.m */,
				02EBDE4327E79FF6007C7FF1 /* SceneDelegate.h */,
				02EBDE4427E79FF6007C7FF1 /* SceneDelegate.m */,
				02EBDE4627E79FF6007C7FF1 /* ViewController.h */,
				02EBDE4727E79FF6007C7FF1 /* ViewController.m */,
				02EBDE4927E79FF6007C7FF1 /* Main.storyboard */,
				02EBDE4C27E79FF8007C7FF1 /* Assets.xcassets */,
				02EBDE4E27E79FF8007C7FF1 /* LaunchScreen.storyboard */,
				02EBDE5127E79FF8007C7FF1 /* Info.plist */,
				02EBDE5227E79FF8007C7FF1 /* main.m */,
				02EBDE6827E7D9C3007C7FF1 /* SecondViewController.m */,
				02EBDE6727E7D9C3007C7FF1 /* SecondViewController.h */,
			);
			path = "MusicAlbum-OBJ-C-OB2";
			sourceTree = "<group>";
		};
/* End PBXGroup section */

/* Begin PBXNativeTarget section */
		02EBDE3C27E79FF6007C7FF1 /* MusicAlbum-OBJ-C-OB2 */ = {
			isa = PBXNativeTarget;
			buildConfigurationList = 02EBDE5627E79FF8007C7FF1 /* Build configuration list for PBXNativeTarget "MusicAlbum-OBJ-C-OB2" */;
			buildPhases = (
				02EBDE3927E79FF6007C7FF1 /* Sources */,
				02EBDE3A27E79FF6007C7FF1 /* Frameworks */,
				02EBDE3B27E79FF6007C7FF1 /* Resources */,
			);
			buildRules = (
			);
			dependencies = (
			);
			name = "MusicAlbum-OBJ-C-OB2";
			productName = "MusicAlbum-OBJ-C-OB2";
			productReference = 02EBDE3D27E79FF6007C7FF1 /* MusicAlbum-OBJ-C-OB2.app */;
			productType = "com.apple.product-type.application";
		};
/* End PBXNativeTarget section */

/* Begin PBXProject section */
		02EBDE3527E79FF6007C7FF1 /* Project object */ = {
			isa = PBXProject;
			attributes = {
				BuildIndependentTargetsInParallel = 1;
				LastUpgradeCheck = 1330;
				TargetAttributes = {
					02EBDE3C27E79FF6007C7FF1 = {
						CreatedOnToolsVersion = 13.3;
					};
				};
			};
			buildConfigurationList = 02EBDE3827E79FF6007C7FF1 /* Build configuration list for PBXProject "MusicAlbum-OBJ-C-OB2" */;
			compatibilityVersion = "Xcode 13.0";
			developmentRegion = en;
			hasScannedForEncodings = 0;
			knownRegions = (
				en,
				Base,
			);
			mainGroup = 02EBDE3427E79FF6007C7FF1;
			productRefGroup = 02EBDE3E27E79FF6007C7FF1 /* Products */;
			projectDirPath = "";
			projectRoot = "";
			targets = (
				02EBDE3C27E79FF6007C7FF1 /* MusicAlbum-OBJ-C-OB2 */,
			);
		};
/* End PBXProject section */

/* Begin PBXResourcesBuildPhase section */
		02EBDE3B27E79FF6007C7FF1 /* Resources */ = {
			isa = PBXResourcesBuildPhase;
			buildActionMask = 2147483647;
			files = (
				02EBDE5027E79FF8007C7FF1 /* LaunchScreen.storyboard in Resources */,
				02EBDE4D27E79FF8007C7FF1 /* Assets.xcassets in Resources */,
				02EBDE4B27E79FF6007C7FF1 /* Main.storyboard in Resources */,
			);
			runOnlyForDeploymentPostprocessing = 0;
		};
/* End PBXResourcesBuildPhase section */

/* Begin PBXSourcesBuildPhase section */
		02EBDE3927E79FF6007C7FF1 /* Sources */ = {
			isa = PBXSourcesBuildPhase;
			buildActionMask = 2147483647;
			files = (
				02EBDE4827E79FF6007C7FF1 /* ViewController.m in Sources */,
				02EBDE4227E79FF6007C7FF1 /* AppDelegate.m in Sources */,
				02EBDE5327E79FF8007C7FF1 /* main.m in Sources */,
				02EBDE4527E79FF6007C7FF1 /* SceneDelegate.m in Sources */,
				02EBDE6927E7D9C3007C7FF1 /* SecondViewController.m in Sources */,
			);
			runOnlyForDeploymentPostprocessing = 0;
		};
/* End PBXSourcesBuildPhase section */

/* Begin PBXVariantGroup section */
		02EBDE4927E79FF6007C7FF1 /* Main.storyboard */ = {
			isa = PBXVariantGroup;
			children = (
				02EBDE4A27E79FF6007C7FF1 /* Base */,
			);
			name = Main.storyboard;
			sourceTree = "<group>";
		};
		02EBDE4E27E79FF8007C7FF1 /* LaunchScreen.storyboard */ = {
			isa = PBXVariantGroup;
			children = (
				02EBDE4F27E79FF8007C7FF1 /* Base */,
			);
			name = LaunchScreen.storyboard;
			sourceTree = "<group>";
		};
/* End PBXVariantGroup section */

/* Begin XCBuildConfiguration section */
		02EBDE5427E79FF8007C7FF1 /* Debug */ = {
			isa = XCBuildConfiguration;
			buildSettings = {
				ALWAYS_SEARCH_USER_PATHS = NO;
				CLANG_ANALYZER_NONNULL = YES;
				CLANG_ANALYZER_NUMBER_OBJECT_CONVERSION = YES_AGGRESSIVE;
				CLANG_CXX_LANGUAGE_STANDARD = "gnu++17";
				CLANG_ENABLE_MODULES = YES;
				CLANG_ENABLE_OBJC_ARC = YES;
				CLANG_ENABLE_OBJC_WEAK = YES;
				CLANG_WARN_BLOCK_CAPTURE_AUTORELEASING = YES;
				CLANG_WARN_BOOL_CONVERSION = YES;
				CLANG_WARN_COMMA = YES;
				CLANG_WARN_CONSTANT_CONVERSION = YES;
				CLANG_WARN_DEPRECATED_OBJC_IMPLEMENTATIONS = YES;
				CLANG_WARN_DIRECT_OBJC_ISA_USAGE = YES_ERROR;
				CLANG_WARN_DOCUMENTATION_COMMENTS = YES;
				CLANG_WARN_EMPTY_BODY = YES;
				CLANG_WARN_ENUM_CONVERSION = YES;
				CLANG_WARN_INFINITE_RECURSION = YES;
				CLANG_WARN_INT_CONVERSION = YES;
				CLANG_WARN_NON_LITERAL_NULL_CONVERSION = YES;
				CLANG_WARN_OBJC_IMPLICIT_RETAIN_SELF = YES;
				CLANG_WARN_OBJC_LITERAL_CONVERSION = YES;
				CLANG_WARN_OBJC_ROOT_CLASS = YES_ERROR;
				CLANG_WARN_QUOTED_INCLUDE_IN_FRAMEWORK_HEADER = YES;
				CLANG_WARN_RANGE_LOOP_ANALYSIS = YES;
				CLANG_WARN_STRICT_PROTOTYPES = YES;
				CLANG_WARN_SUSPICIOUS_MOVE = YES;
				CLANG_WARN_UNGUARDED_AVAILABILITY = YES_AGGRESSIVE;
				CLANG_WARN_UNREACHABLE_CODE = YES;
				CLANG_WARN__DUPLICATE_METHOD_MATCH = YES;
				COPY_PHASE_STRIP = NO;
				DEBUG_INFORMATION_FORMAT = dwarf;
				ENABLE_STRICT_OBJC_MSGSEND = YES;
				ENABLE_TESTABILITY = YES;
				GCC_C_LANGUAGE_STANDARD = gnu11;
				GCC_DYNAMIC_NO_PIC = NO;
				GCC_NO_COMMON_BLOCKS = YES;
				GCC_OPTIMIZATION_LEVEL = 0;
				GCC_PREPROCESSOR_DEFINITIONS = (
					"DEBUG=1",
					"$(inherited)",
				);
				GCC_WARN_64_TO_32_BIT_CONVERSION = YES;
				GCC_WARN_ABOUT_RETURN_TYPE = YES_ERROR;
				GCC_WARN_UNDECLARED_SELECTOR = YES;
				GCC_WARN_UNINITIALIZED_AUTOS = YES_AGGRESSIVE;
				GCC_WARN_UNUSED_FUNCTION = YES;
				GCC_WARN_UNUSED_VARIABLE = YES;
				IPHONEOS_DEPLOYMENT_TARGET = 15.4;
				MTL_ENABLE_DEBUG_INFO = INCLUDE_SOURCE;
				MTL_FAST_MATH = YES;
				ONLY_ACTIVE_ARCH = YES;
				SDKROOT = iphoneos;
			};
			name = Debug;
		};
		02EBDE5527E79FF8007C7FF1 /* Release */ = {
			isa = XCBuildConfiguration;
			buildSettings = {
				ALWAYS_SEARCH_USER_PATHS = NO;
				CLANG_ANALYZER_NONNULL = YES;
				CLANG_ANALYZER_NUMBER_OBJECT_CONVERSION = YES_AGGRESSIVE;
				CLANG_CXX_LANGUAGE_STANDARD = "gnu++17";
				CLANG_ENABLE_MODULES = YES;
				CLANG_ENABLE_OBJC_ARC = YES;
				CLANG_ENABLE_OBJC_WEAK = YES;
				CLANG_WARN_BLOCK_CAPTURE_AUTORELEASING = YES;
				CLANG_WARN_BOOL_CONVERSION = YES;
				CLANG_WARN_COMMA = YES;
				CLANG_WARN_CONSTANT_CONVERSION = YES;
				CLANG_WARN_DEPRECATED_OBJC_IMPLEMENTATIONS = YES;
				CLANG_WARN_DIRECT_OBJC_ISA_USAGE = YES_ERROR;
				CLANG_WARN_DOCUMENTATION_COMMENTS = YES;
				CLANG_WARN_EMPTY_BODY = YES;
				CLANG_WARN_ENUM_CONVERSION = YES;
				CLANG_WARN_INFINITE_RECURSION = YES;
				CLANG_WARN_INT_CONVERSION = YES;
				CLANG_WARN_NON_LITERAL_NULL_CONVERSION = YES;
				CLANG_WARN_OBJC_IMPLICIT_RETAIN_SELF = YES;
				CLANG_WARN_OBJC_LITERAL_CONVERSION = YES;
				CLANG_WARN_OBJC_ROOT_CLASS = YES_ERROR;
				CLANG_WARN_QUOTED_INCLUDE_IN_FRAMEWORK_HEADER = YES;
				CLANG_WARN_RANGE_LOOP_ANALYSIS = YES;
				CLANG_WARN_STRICT_PROTOTYPES = YES;
				CLANG_WARN_SUSPICIOUS_MOVE = YES;
				CLANG_WARN_UNGUARDED_AVAILABILITY = YES_AGGRESSIVE;
				CLANG_WARN_UNREACHABLE_CODE = YES;
				CLANG_WARN__DUPLICATE_METHOD_MATCH = YES;
				COPY_PHASE_STRIP = NO;
				DEBUG_INFORMATION_FORMAT = "dwarf-with-dsym";
				ENABLE_NS_ASSERTIONS = NO;
				ENABLE_STRICT_OBJC_MSGSEND = YES;
				GCC_C_LANGUAGE_STANDARD = gnu11;
				GCC_NO_COMMON_BLOCKS = YES;
				GCC_WARN_64_TO_32_BIT_CONVERSION = YES;
				GCC_WARN_ABOUT_RETURN_TYPE = YES_ERROR;
				GCC_WARN_UNDECLARED_SELECTOR = YES;
				GCC_WARN_UNINITIALIZED_AUTOS = YES_AGGRESSIVE;
				GCC_WARN_UNUSED_FUNCTION = YES;
				GCC_WARN_UNUSED_VARIABLE = YES;
				IPHONEOS_DEPLOYMENT_TARGET = 15.4;
				MTL_ENABLE_DEBUG_INFO = NO;
				MTL_FAST_MATH = YES;
				SDKROOT = iphoneos;
				VALIDATE_PRODUCT = YES;
			};
			name = Release;
		};
		02EBDE5727E79FF8007C7FF1 /* Debug */ = {
			isa = XCBuildConfiguration;
			buildSettings = {
				ASSETCATALOG_COMPILER_APPICON_NAME = AppIcon;
				ASSETCATALOG_COMPILER_GLOBAL_ACCENT_COLOR_NAME = AccentColor;
				CODE_SIGN_STYLE = Automatic;
				CURRENT_PROJECT_VERSION = 1;
				DEVELOPMENT_TEAM = 6P566V96YC;
				GENERATE_INFOPLIST_FILE = YES;
				INFOPLIST_FILE = "MusicAlbum-OBJ-C-OB2/Info.plist";
				INFOPLIST_KEY_UIApplicationSupportsIndirectInputEvents = YES;
				INFOPLIST_KEY_UILaunchStoryboardName = LaunchScreen;
				INFOPLIST_KEY_UIMainStoryboardFile = Main;
				INFOPLIST_KEY_UISupportedInterfaceOrientations_iPad = "UIInterfaceOrientationPortrait UIInterfaceOrientationPortraitUpsideDown UIInterfaceOrientationLandscapeLeft UIInterfaceOrientationLandscapeRight";
				INFOPLIST_KEY_UISupportedInterfaceOrientations_iPhone = "UIInterfaceOrientationPortrait UIInterfaceOrientationLandscapeLeft UIInterfaceOrientationLandscapeRight";
				LD_RUNPATH_SEARCH_PATHS = (
					"$(inherited)",
					"@executable_path/Frameworks",
				);
				MARKETING_VERSION = 1.0;
				PRODUCT_BUNDLE_IDENTIFIER = "com.mcs.MusicAlbum-OBJ-C-OB2";
				PRODUCT_NAME = "$(TARGET_NAME)";
				SWIFT_EMIT_LOC_STRINGS = YES;
				TARGETED_DEVICE_FAMILY = "1,2";
			};
			name = Debug;
		};
		02EBDE5827E79FF8007C7FF1 /* Release */ = {
			isa = XCBuildConfiguration;
			buildSettings = {
				ASSETCATALOG_COMPILER_APPICON_NAME = AppIcon;
				ASSETCATALOG_COMPILER_GLOBAL_ACCENT_COLOR_NAME = AccentColor;
				CODE_SIGN_STYLE = Automatic;
				CURRENT_PROJECT_VERSION = 1;
				DEVELOPMENT_TEAM = 6P566V96YC;
				GENERATE_INFOPLIST_FILE = YES;
				INFOPLIST_FILE = "MusicAlbum-OBJ-C-OB2/Info.plist";
				INFOPLIST_KEY_UIApplicationSupportsIndirectInputEvents = YES;
				INFOPLIST_KEY_UILaunchStoryboardName = LaunchScreen;
				INFOPLIST_KEY_UIMainStoryboardFile = Main;
				INFOPLIST_KEY_UISupportedInterfaceOrientations_iPad = "UIInterfaceOrientationPortrait UIInterfaceOrientationPortraitUpsideDown UIInterfaceOrientationLandscapeLeft UIInterfaceOrientationLandscapeRight";
				INFOPLIST_KEY_UISupportedInterfaceOrientations_iPhone = "UIInterfaceOrientationPortrait UIInterfaceOrientationLandscapeLeft UIInterfaceOrientationLandscapeRight";
				LD_RUNPATH_SEARCH_PATHS = (
					"$(inherited)",
					"@executable_path/Frameworks",
				);
				MARKETING_VERSION = 1.0;
				PRODUCT_BUNDLE_IDENTIFIER = "com.mcs.MusicAlbum-OBJ-C-OB2";
				PRODUCT_NAME = "$(TARGET_NAME)";
				SWIFT_EMIT_LOC_STRINGS = YES;
				TARGETED_DEVICE_FAMILY = "1,2";
			};
			name = Release;
		};
/* End XCBuildConfiguration section */

/* Begin XCConfigurationList section */
		02EBDE3827E79FF6007C7FF1 /* Build configuration list for PBXProject "MusicAlbum-OBJ-C-OB2" */ = {
			isa = XCConfigurationList;
			buildConfigurations = (
				02EBDE5427E79FF8007C7FF1 /* Debug */,
				02EBDE5527E79FF8007C7FF1 /* Release */,
			);
			defaultConfigurationIsVisible = 0;
			defaultConfigurationName = Release;
		};
		02EBDE5627E79FF8007C7FF1 /* Build configuration list for PBXNativeTarget "MusicAlbum-OBJ-C-OB2" */ = {
			isa = XCConfigurationList;
			buildConfigurations = (
				02EBDE5727E79FF8007C7FF1 /* Debug */,
				02EBDE5827E79FF8007C7FF1 /* Release */,
			);
			defaultConfigurationIsVisible = 0;
			defaultConfigurationName = Release;
		};
/* End XCConfigurationList section */
	};
	rootObject = 02EBDE3527E79FF6007C7FF1 /* Project object */;
}
